
Microsoft Visual Studio Solution File, Format Version 12.00
# Visual Studio Version 17
VisualStudioVersion = 17.4.33213.308
MinimumVisualStudioVersion = 10.0.40219.1
Project("{FAE04EC0-301F-11D3-BF4B-00C04F79EFBC}") = "Laba 2", "Laba 2\Laba 2.csproj", "{0543A516-4217-4EBE-9F87-3150CAAE5B73}"
EndProject
Global
	GlobalSection(SolutionConfigurationPlatforms) = preSolution
		Debug|Any CPU = Debug|Any CPU
		Release|Any CPU = Release|Any CPU
	EndGlobalSection
	GlobalSection(ProjectConfigurationPlatforms) = postSolution
		{0543A516-4217-4EBE-9F87-3150CAAE5B73}.Debug|Any CPU.ActiveCfg = Debug|Any CPU
		{0543A516-4217-4EBE-9F87-3150CAAE5B73}.Debug|Any CPU.Build.0 = Debug|Any CPU
		{0543A516-4217-4EBE-9F87-3150CAAE5B73}.Release|Any CPU.ActiveCfg = Release|Any CPU
		{0543A516-4217-4EBE-9F87-3150CAAE5B73}.Release|Any CPU.Build.0 = Release|Any CPU
	EndGlobalSection
	GlobalSection(SolutionProperties) = preSolution
		HideSolutionNode = FALSE
	EndGlobalSection
	GlobalSection(ExtensibilityGlobals) = postSolution
		SolutionGuid = {DBE65B3B-6D53-44FD-965E-6625ACF03978}
	EndGlobalSection
EndGlobal
